{
  "nodes": {
    "crane": {
      "locked": {
        "lastModified": 1784248371,
        "narHash": "sha256-0l0Y4D4wbZhp1Oi6h8OpbLtIm/4FN88oCf54MK2ZgiM=",
        "owner": "ipetkov",
        "repo": "crane",
        "rev": "f7d151ec0bf52cf9662e2f59d7bea28588c2f070",
        "type": "github"
      },
      "original": {
        "owner": "ipetkov",
        "repo": "crane",
        "type": "github"
      }
    },
    "flake-compat": {
      "flake": false,
      "locked": {
        "lastModified": 1767039857,
        "narHash": "sha256-vNpUSpF5Nuw8xvDLj2KCwwksIbjua2LZCqhV1LNRDns=",
        "owner": "NixOS",
        "repo": "flake-compat",
        "rev": "5edf11c44bc78a0d334f6334cdaf7d60d732daab",
        "type": "github"
      },
      "original": {
        "owner": "NixOS",
        "repo": "flake-compat",
        "type": "github"
      }
    },
    "flake-parts": {
      "inputs": {
        "nixpkgs-lib": "nixpkgs-lib"
      },
      "locked": {
        "lastModified": 1782949081,
        "narHash": "sha256-vp6Y/Grm98ESt6ceOkWiHWyZRDV3J1RID4w+6NWK9yA=",
        "owner": "hercules-ci",
        "repo": "flake-parts",
        "rev": "17c9d6cdfc60c64f4ee8d306f9bc0b4ccb51481e",
        "type": "github"
      },
      "original": {
        "owner": "hercules-ci",
        "repo": "flake-parts",
        "type": "github"
      }
    },
    "flake-parts_2": {
      "inputs": {
        "nixpkgs-lib": "nixpkgs-lib_2"
      },
      "locked": {
        "lastModified": 1782949081,
        "narHash": "sha256-vp6Y/Grm98ESt6ceOkWiHWyZRDV3J1RID4w+6NWK9yA=",
        "owner": "hercules-ci",
        "repo": "flake-parts",
        "rev": "17c9d6cdfc60c64f4ee8d306f9bc0b4ccb51481e",
        "type": "github"
      },
      "original": {
        "owner": "hercules-ci",
        "repo": "flake-parts",
        "type": "github"
      }
    },
    "flake-utils": {
      "inputs": {
        "systems": "systems"
      },
      "locked": {
        "lastModified": 1731533236,
        "narHash": "sha256-l0KFg5HjrsfsO/JpG+r7fRrqm12kzFHyUHqHCVpMMbI=",
        "owner": "numtide",
        "repo": "flake-utils",
        "rev": "11707dc2f618dd54ca8739b309ec4fc024de578b",
        "type": "github"
      },
      "original": {
        "owner": "numtide",
        "repo": "flake-utils",
        "type": "github"
      }
    },
    "flake-utils_2": {
      "inputs": {
        "systems": "systems_3"
      },
      "locked": {
        "lastModified": 1731533236,
        "narHash": "sha256-l0KFg5HjrsfsO/JpG+r7fRrqm12kzFHyUHqHCVpMMbI=",
        "owner": "numtide",
        "repo": "flake-utils",
        "rev": "11707dc2f618dd54ca8739b309ec4fc024de578b",
        "type": "github"
      },
      "original": {
        "owner": "numtide",
        "repo": "flake-utils",
        "type": "github"
      }
    },
    "flake-utils_3": {
      "inputs": {
        "systems": "systems_4"
      },
      "locked": {
        "lastModified": 1731533236,
        "narHash": "sha256-l0KFg5HjrsfsO/JpG+r7fRrqm12kzFHyUHqHCVpMMbI=",
        "owner": "numtide",
        "repo": "flake-utils",
        "rev": "11707dc2f618dd54ca8739b309ec4fc024de578b",
        "type": "github"
      },
      "original": {
        "owner": "numtide",
        "repo": "flake-utils",
        "type": "github"
      }
    },
    "git-hooks": {
      "inputs": {
        "flake-compat": "flake-compat",
        "nixpkgs": "nixpkgs"
      },
      "locked": {
        "lastModified": 1784288435,
        "narHash": "sha256-ReRHaLgr/uVqdD8afFSn+myXIfpHeOhP0yYe0TJqAA8=",
        "owner": "cachix",
        "repo": "git-hooks.nix",
        "rev": "43b3c1ab9d40fb1dbb008f451988a91e375825e9",
        "type": "github"
      },
      "original": {
        "owner": "cachix",
        "repo": "git-hooks.nix",
        "type": "github"
      }
    },
    "meta-harbor": {
      "inputs": {
        "flake-parts": "flake-parts_2",
        "nixpkgs": [
          "rs-harbor",
          "nixpkgs"
        ]
      },
      "locked": {
        "lastModified": 1787224113,
        "narHash": "sha256-7Xz0gzc0Gg1DKamnT/eoytl6xUyGIfY1nZUTjQcaXjA=",
        "ref": "trunk",
        "rev": "519bc9305b5ba78f37c3226a9d8427c8f635afb8",
        "revCount": 7,
        "type": "git",
        "url": "https://github.com/caniko/meta-harbor.git"
      },
      "original": {
        "ref": "trunk",
        "type": "git",
        "url": "https://github.com/caniko/meta-harbor.git"
      }
    },
    "nix-bundle": {
      "inputs": {
        "nixpkgs": [
          "rs-harbor",
          "nixpkgs"
        ],
        "utils": "utils"
      },
      "locked": {
        "lastModified": 1756736056,
        "narHash": "sha256-8YFhvulVX3iS4TYnKisA9zSImJeFN21G75HOUUFjzuE=",
        "owner": "nix-community",
        "repo": "nix-bundle",
        "rev": "eff01593f62794d458ec714090091419194ab64d",
        "type": "github"
      },
      "original": {
        "owner": "nix-community",
        "repo": "nix-bundle",
        "type": "github"
      }
    },
    "nix-opencode-lsp": {
      "inputs": {
        "flake-utils": "flake-utils_2",
        "nixpkgs": [
          "rs-harbor",
          "nixpkgs"
        ]
      },
      "locked": {
        "lastModified": 1785298780,
        "narHash": "sha256-hq+/QcdG+pOKugcglqt92n3AwDbZnJB/Z+FCgmM3nwg=",
        "rev": "38e7ce16c754947a257a00a77682adfe696b6718",
        "type": "git",
        "url": "https://github.com/caniko/nix-opencode-lsp.git"
      },
      "original": {
        "ref": "trunk",
        "type": "git",
        "url": "https://github.com/caniko/nix-opencode-lsp.git"
      }
    },
    "nixpkgs": {
      "locked": {
        "lastModified": 1782918843,
        "narHash": "sha256-ETYnV9U7Sr+A45dohzZdfCZKOss4qrTkO+wgNZNvEc0=",
        "owner": "NixOS",
        "repo": "nixpkgs",
        "rev": "e8273b29fe1390ec8d4603f2477357555291432e",
        "type": "github"
      },
      "original": {
        "owner": "NixOS",
        "ref": "nixpkgs-unstable",
        "repo": "nixpkgs",
        "type": "github"
      }
    },
    "nixpkgs-lib": {
      "locked": {
        "lastModified": 1782614948,
        "narHash": "sha256-ePjCwr1sNm9NYUqywL7QfK3JnlS015msC+eBu2zKlp8=",
        "owner": "nix-community",
        "repo": "nixpkgs.lib",
        "rev": "db3f255737b94216eb71cce308e2912cf6bc2d7c",
        "type": "github"
      },
      "original": {
        "owner": "nix-community",
        "repo": "nixpkgs.lib",
        "type": "github"
      }
    },
    "nixpkgs-lib_2": {
      "locked": {
        "lastModified": 1782614948,
        "narHash": "sha256-ePjCwr1sNm9NYUqywL7QfK3JnlS015msC+eBu2zKlp8=",
        "owner": "nix-community",
        "repo": "nixpkgs.lib",
        "rev": "db3f255737b94216eb71cce308e2912cf6bc2d7c",
        "type": "github"
      },
      "original": {
        "owner": "nix-community",
        "repo": "nixpkgs.lib",
        "type": "github"
      }
    },
    "nixpkgs_2": {
      "locked": {
        "lastModified": 1784282293,
        "narHash": "sha256-IpX7tmVJi9seHg5M4Wuexy78bQDlbntVk1HcT9kFts4=",
        "owner": "NixOS",
        "repo": "nixpkgs",
        "rev": "a47c123a609287a012dfc44d281de2dd4ed13394",
        "type": "github"
      },
      "original": {
        "owner": "NixOS",
        "ref": "nixpkgs-unstable",
        "repo": "nixpkgs",
        "type": "github"
      }
    },
    "nixpkgs_3": {
      "locked": {
        "lastModified": 1770107345,
        "narHash": "sha256-tbS0Ebx2PiA1FRW8mt8oejR0qMXmziJmPaU1d4kYY9g=",
        "owner": "nixos",
        "repo": "nixpkgs",
        "rev": "4533d9293756b63904b7238acb84ac8fe4c8c2c4",
        "type": "github"
      },
      "original": {
        "owner": "nixos",
        "ref": "nixpkgs-unstable",
        "repo": "nixpkgs",
        "type": "github"
      }
    },
    "osxcross": {
      "inputs": {
        "flake-utils": "flake-utils_3",
        "nixpkgs": [
          "rs-harbor",
          "nixpkgs"
        ]
      },
      "locked": {
        "lastModified": 1780425807,
        "narHash": "sha256-vPrpqec/uHpOu0u4P+XdL70MWaHyn4zh8IfpCmp1yIs=",
        "owner": "caniko",
        "repo": "osxcross",
        "rev": "246fc035534167fadba187a602bc4a40990974dc",
        "type": "github"
      },
      "original": {
        "owner": "caniko",
        "ref": "flake",
        "repo": "osxcross",
        "type": "github"
      }
    },
    "root": {
      "inputs": {
        "crane": [
          "rs-harbor",
          "crane"
        ],
        "flake-utils": "flake-utils",
        "git-hooks": "git-hooks",
        "nixpkgs": [
          "rs-harbor",
          "nixpkgs"
        ],
        "rs-harbor": "rs-harbor",
        "rust-overlay": [
          "rs-harbor",
          "rust-overlay"
        ],
        "treefmt-nix": "treefmt-nix"
      }
    },
    "rs-harbor": {
      "inputs": {
        "crane": "crane",
        "flake-parts": "flake-parts",
        "meta-harbor": "meta-harbor",
        "nix-bundle": "nix-bundle",
        "nix-opencode-lsp": "nix-opencode-lsp",
        "nixpkgs": "nixpkgs_2",
        "osxcross": "osxcross",
        "rust-overlay": "rust-overlay"
      },
      "locked": {
        "lastModified": 1787224172,
        "narHash": "sha256-u7SPaDpuam6neGpKtnWMv2tE4zTZmtUiY+UVvDvf41k=",
        "ref": "trunk",
        "rev": "05cc4f162b55fa904b687db1821e2463fa813e50",
        "revCount": 185,
        "type": "git",
        "url": "ssh://git@github.com/caniko/rs-harbor.git"
      },
      "original": {
        "ref": "trunk",
        "rev": "05cc4f162b55fa904b687db1821e2463fa813e50",
        "type": "git",
        "url": "ssh://git@github.com/caniko/rs-harbor.git"
      }
    },
    "rust-overlay": {
      "inputs": {
        "nixpkgs": [
          "rs-harbor",
          "nixpkgs"
        ]
      },
      "locked": {
        "lastModified": 1784350408,
        "narHash": "sha256-OstzLWL5t7Xe14xEC6GIMJCp0PrYNTSA0El7GG2av88=",
        "owner": "oxalica",
        "repo": "rust-overlay",
        "rev": "3c38e1e1ba9c8d7030f7b5a801398ea7d8a6fdc0",
        "type": "github"
      },
      "original": {
        "owner": "oxalica",
        "repo": "rust-overlay",
        "type": "github"
      }
    },
    "systems": {
      "locked": {
        "lastModified": 1681028828,
        "narHash": "sha256-Vy1rq5AaRuLzOxct8nz4T6wlgyUR7zLU309k9mBC768=",
        "owner": "nix-systems",
        "repo": "default",
        "rev": "da67096a3b9bf56a91d16901293e51ba5b49a27e",
        "type": "github"
      },
      "original": {
        "owner": "nix-systems",
        "repo": "default",
        "type": "github"
      }
    },
    "systems_2": {
      "locked": {
        "lastModified": 1681028828,
        "narHash": "sha256-Vy1rq5AaRuLzOxct8nz4T6wlgyUR7zLU309k9mBC768=",
        "owner": "nix-systems",
        "repo": "default",
        "rev": "da67096a3b9bf56a91d16901293e51ba5b49a27e",
        "type": "github"
      },
      "original": {
        "owner": "nix-systems",
        "repo": "default",
        "type": "github"
      }
    },
    "systems_3": {
      "locked": {
        "lastModified": 1681028828,
        "narHash": "sha256-Vy1rq5AaRuLzOxct8nz4T6wlgyUR7zLU309k9mBC768=",
        "owner": "nix-systems",
        "repo": "default",
        "rev": "da67096a3b9bf56a91d16901293e51ba5b49a27e",
        "type": "github"
      },
      "original": {
        "owner": "nix-systems",
        "repo": "default",
        "type": "github"
      }
    },
    "systems_4": {
      "locked": {
        "lastModified": 1681028828,
        "narHash": "sha256-Vy1rq5AaRuLzOxct8nz4T6wlgyUR7zLU309k9mBC768=",
        "owner": "nix-systems",
        "repo": "default",
        "rev": "da67096a3b9bf56a91d16901293e51ba5b49a27e",
        "type": "github"
      },
      "original": {
        "owner": "nix-systems",
        "repo": "default",
        "type": "github"
      }
    },
    "treefmt-nix": {
      "inputs": {
        "nixpkgs": "nixpkgs_3"
      },
      "locked": {
        "lastModified": 1780220602,
        "narHash": "sha256-eynAfOmbmxJnkp7YewvCEbShNnnYJ9gLLqkzsYtBPeM=",
        "owner": "numtide",
        "repo": "treefmt-nix",
        "rev": "db947814a175b7ca6ded66e21383d938df01c227",
        "type": "github"
      },
      "original": {
        "owner": "numtide",
        "repo": "treefmt-nix",
        "type": "github"
      }
    },
    "utils": {
      "inputs": {
        "systems": "systems_2"
      },
      "locked": {
        "lastModified": 1731533236,
        "narHash": "sha256-l0KFg5HjrsfsO/JpG+r7fRrqm12kzFHyUHqHCVpMMbI=",
        "owner": "numtide",
        "repo": "flake-utils",
        "rev": "11707dc2f618dd54ca8739b309ec4fc024de578b",
        "type": "github"
      },
      "original": {
        "owner": "numtide",
        "repo": "flake-utils",
        "type": "github"
      }
    }
  },
  "root": "root",
  "version": 7
}
